
Microsoft Visual Studio Solution File, Format Version 12.00
# Visual Studio Version 17
VisualStudioVersion = 17.7.34221.43
MinimumVisualStudioVersion = 10.0.40219.1
Project("{FAE04EC0-301F-11D3-BF4B-00C04F79EFBC}") = "test_1_WebApplication", "test_1_WebApplication.csproj", "{1A774480-A145-48A5-8A1A-B45BD253FB1B}"
EndProject
Global
	GlobalSection(SolutionConfigurationPlatforms) = preSolution
		Debug|Any CPU = Debug|Any CPU
		Release|Any CPU = Release|Any CPU
	EndGlobalSection
	GlobalSection(ProjectConfigurationPlatforms) = postSolution
		{1A774480-A145-48A5-8A1A-B45BD253FB1B}.Debug|Any CPU.ActiveCfg = Debug|Any CPU
		{1A774480-A145-48A5-8A1A-B45BD253FB1B}.Debug|Any CPU.Build.0 = Debug|Any CPU
		{1A774480-A145-48A5-8A1A-B45BD253FB1B}.Release|Any CPU.ActiveCfg = Release|Any CPU
		{1A774480-A145-48A5-8A1A-B45BD253FB1B}.Release|Any CPU.Build.0 = Release|Any CPU
	EndGlobalSection
	GlobalSection(SolutionProperties) = preSolution
		HideSolutionNode = FALSE
	EndGlobalSection
	GlobalSection(ExtensibilityGlobals) = postSolution
		SolutionGuid = {91E70B26-40A1-4C03-A409-3EAB0BE565BF}
	EndGlobalSection
EndGlobal
